
Microsoft Visual Studio Solution File, Format Version 12.00
# Visual Studio 14
VisualStudioVersion = 14.0.24720.0
MinimumVisualStudioVersion = 10.0.40219.1
Project("{2150E333-8FDC-42A3-9474-1A3956D46DE8}") = "Solution Items", "Solution Items", "{7CA3C17B-B0B4-4A72-A731-A6C1CAB6D0DD}"
	ProjectSection(SolutionItems) = preProject
		nRF24L01Pluss_Preliminary_Product_Specification_v1_0.pdf = nRF24L01Pluss_Preliminary_Product_Specification_v1_0.pdf
		README.md = README.md
		wireless.png = wireless.png
	EndProjectSection
EndProject
Project("{FAE04EC0-301F-11D3-BF4B-00C04F79EFBC}") = "nRF24L01P", "nRF24L01P\nRF24L01P.csproj", "{D134678E-33D7-4F4C-B30F-96D795D86E95}"
EndProject
Project("{FAE04EC0-301F-11D3-BF4B-00C04F79EFBC}") = "nRF24L01P.TestHarness", "TestHarness\nRF24L01P.TestHarness.csproj", "{E9D164EA-F02C-4AA7-8BD7-AC55DFDE1677}"
EndProject
Project("{FAE04EC0-301F-11D3-BF4B-00C04F79EFBC}") = "nRF24L01P.UnitTests", "UnitTests\nRF24L01P.UnitTests.csproj", "{FEFAF6F5-219E-43C5-B206-982AEF628AE0}"
EndProject
Project("{FAE04EC0-301F-11D3-BF4B-00C04F79EFBC}") = "nRF24L01P.Network", "nRF24L01P.Network\nRF24L01P.Network.csproj", "{7B97DAA9-500E-45C6-9CB4-C60F103AB20B}"
EndProject
Project("{FAE04EC0-301F-11D3-BF4B-00C04F79EFBC}") = "nRF24L01P.Simple", "nRF24L01P.Simple\nRF24L01P.Simple.csproj", "{AD5FA32D-41C6-4949-A33C-067B033842C4}"
EndProject
Project("{FAE04EC0-301F-11D3-BF4B-00C04F79EFBC}") = "nRF24L01P.Common", "nRF24L01P.Common\nRF24L01P.Common.csproj", "{E820D3F8-5018-41A5-834F-B2B31EC792A5}"
EndProject
Project("{FF286327-C783-4F7A-AB73-9BCBAD0D4460}") = "nRF24L01P.Simple.NuGetPackage", "nRF24L01P.Simple.NuGetPackage\nRF24L01P.Simple.NuGetPackage.nuproj", "{602DDCAB-72BE-4AF4-A3B1-B7AD629D21FC}"
EndProject
Project("{FF286327-C783-4F7A-AB73-9BCBAD0D4460}") = "nRF24L01P.Network.NuGetPackage", "nRF24L01P.Network.NuGetPackage\nRF24L01P.Network.NuGetPackage.nuproj", "{1FB679DE-01C1-45CC-A52A-1B1FB8401995}"
EndProject
Project("{2150E333-8FDC-42A3-9474-1A3956D46DE8}") = "NuGet Packages", "NuGet Packages", "{52C2E92A-BB16-479A-951B-2D140A22C98B}"
EndProject
Project("{2150E333-8FDC-42A3-9474-1A3956D46DE8}") = "Tests", "Tests", "{DD25D51D-7279-44A2-91BC-C3AE9832B17D}"
EndProject
Project("{FF286327-C783-4F7A-AB73-9BCBAD0D4460}") = "nRF24L01P.NuGetPackage", "nRF24L01P.NuGetPackage\nRF24L01P.NuGetPackage.nuproj", "{DA010EC6-E51A-47C5-95DF-885A1903087E}"
EndProject
Global
	GlobalSection(SolutionConfigurationPlatforms) = preSolution
		Debug|Any CPU = Debug|Any CPU
		Debug|Arduino = Debug|Arduino
		Debug|ARM = Debug|ARM
		Debug|x64 = Debug|x64
		Debug|x86 = Debug|x86
		Release|Any CPU = Release|Any CPU
		Release|Arduino = Release|Arduino
		Release|ARM = Release|ARM
		Release|x64 = Release|x64
		Release|x86 = Release|x86
	EndGlobalSection
	GlobalSection(ProjectConfigurationPlatforms) = postSolution
		{D134678E-33D7-4F4C-B30F-96D795D86E95}.Debug|Any CPU.ActiveCfg = Debug|Any CPU
		{D134678E-33D7-4F4C-B30F-96D795D86E95}.Debug|Any CPU.Build.0 = Debug|Any CPU
		{D134678E-33D7-4F4C-B30F-96D795D86E95}.Debug|Any CPU.Deploy.0 = Debug|Any CPU
		{D134678E-33D7-4F4C-B30F-96D795D86E95}.Debug|Arduino.ActiveCfg = Debug|Any CPU
		{D134678E-33D7-4F4C-B30F-96D795D86E95}.Debug|Arduino.Build.0 = Debug|Any CPU
		{D134678E-33D7-4F4C-B30F-96D795D86E95}.Debug|Arduino.Deploy.0 = Debug|Any CPU
		{D134678E-33D7-4F4C-B30F-96D795D86E95}.Debug|ARM.ActiveCfg = Debug|ARM
		{D134678E-33D7-4F4C-B30F-96D795D86E95}.Debug|ARM.Build.0 = Debug|ARM
		{D134678E-33D7-4F4C-B30F-96D795D86E95}.Debug|x64.ActiveCfg = Debug|x64
		{D134678E-33D7-4F4C-B30F-96D795D86E95}.Debug|x64.Build.0 = Debug|x64
		{D134678E-33D7-4F4C-B30F-96D795D86E95}.Debug|x86.ActiveCfg = Debug|x86
		{D134678E-33D7-4F4C-B30F-96D795D86E95}.Debug|x86.Build.0 = Debug|x86
		{D134678E-33D7-4F4C-B30F-96D795D86E95}.Release|Any CPU.ActiveCfg = Release|Any CPU
		{D134678E-33D7-4F4C-B30F-96D795D86E95}.Release|Any CPU.Build.0 = Release|Any CPU
		{D134678E-33D7-4F4C-B30F-96D795D86E95}.Release|Arduino.ActiveCfg = Release|Any CPU
		{D134678E-33D7-4F4C-B30F-96D795D86E95}.Release|Arduino.Build.0 = Release|Any CPU
		{D134678E-33D7-4F4C-B30F-96D795D86E95}.Release|ARM.ActiveCfg = Release|ARM
		{D134678E-33D7-4F4C-B30F-96D795D86E95}.Release|ARM.Build.0 = Release|ARM
		{D134678E-33D7-4F4C-B30F-96D795D86E95}.Release|x64.ActiveCfg = Release|x64
		{D134678E-33D7-4F4C-B30F-96D795D86E95}.Release|x64.Build.0 = Release|x64
		{D134678E-33D7-4F4C-B30F-96D795D86E95}.Release|x86.ActiveCfg = Release|x86
		{D134678E-33D7-4F4C-B30F-96D795D86E95}.Release|x86.Build.0 = Release|x86
		{E9D164EA-F02C-4AA7-8BD7-AC55DFDE1677}.Debug|Any CPU.ActiveCfg = Debug|x86
		{E9D164EA-F02C-4AA7-8BD7-AC55DFDE1677}.Debug|Any CPU.Build.0 = Debug|x86
		{E9D164EA-F02C-4AA7-8BD7-AC55DFDE1677}.Debug|Any CPU.Deploy.0 = Debug|x86
		{E9D164EA-F02C-4AA7-8BD7-AC55DFDE1677}.Debug|Arduino.ActiveCfg = Debug|ARM
		{E9D164EA-F02C-4AA7-8BD7-AC55DFDE1677}.Debug|Arduino.Build.0 = Debug|ARM
		{E9D164EA-F02C-4AA7-8BD7-AC55DFDE1677}.Debug|Arduino.Deploy.0 = Debug|ARM
		{E9D164EA-F02C-4AA7-8BD7-AC55DFDE1677}.Debug|ARM.ActiveCfg = Debug|ARM
		{E9D164EA-F02C-4AA7-8BD7-AC55DFDE1677}.Debug|ARM.Build.0 = Debug|ARM
		{E9D164EA-F02C-4AA7-8BD7-AC55DFDE1677}.Debug|ARM.Deploy.0 = Debug|ARM
		{E9D164EA-F02C-4AA7-8BD7-AC55DFDE1677}.Debug|x64.ActiveCfg = Debug|x64
		{E9D164EA-F02C-4AA7-8BD7-AC55DFDE1677}.Debug|x64.Build.0 = Debug|x64
		{E9D164EA-F02C-4AA7-8BD7-AC55DFDE1677}.Debug|x64.Deploy.0 = Debug|x64
		{E9D164EA-F02C-4AA7-8BD7-AC55DFDE1677}.Debug|x86.ActiveCfg = Debug|x86
		{E9D164EA-F02C-4AA7-8BD7-AC55DFDE1677}.Debug|x86.Build.0 = Debug|x86
		{E9D164EA-F02C-4AA7-8BD7-AC55DFDE1677}.Debug|x86.Deploy.0 = Debug|x86
		{E9D164EA-F02C-4AA7-8BD7-AC55DFDE1677}.Release|Any CPU.ActiveCfg = Release|x86
		{E9D164EA-F02C-4AA7-8BD7-AC55DFDE1677}.Release|Arduino.ActiveCfg = Release|x86
		{E9D164EA-F02C-4AA7-8BD7-AC55DFDE1677}.Release|ARM.ActiveCfg = Release|ARM
		{E9D164EA-F02C-4AA7-8BD7-AC55DFDE1677}.Release|ARM.Build.0 = Release|ARM
		{E9D164EA-F02C-4AA7-8BD7-AC55DFDE1677}.Release|ARM.Deploy.0 = Release|ARM
		{E9D164EA-F02C-4AA7-8BD7-AC55DFDE1677}.Release|x64.ActiveCfg = Release|x64
		{E9D164EA-F02C-4AA7-8BD7-AC55DFDE1677}.Release|x64.Build.0 = Release|x64
		{E9D164EA-F02C-4AA7-8BD7-AC55DFDE1677}.Release|x64.Deploy.0 = Release|x64
		{E9D164EA-F02C-4AA7-8BD7-AC55DFDE1677}.Release|x86.ActiveCfg = Release|x86
		{E9D164EA-F02C-4AA7-8BD7-AC55DFDE1677}.Release|x86.Build.0 = Release|x86
		{E9D164EA-F02C-4AA7-8BD7-AC55DFDE1677}.Release|x86.Deploy.0 = Release|x86
		{FEFAF6F5-219E-43C5-B206-982AEF628AE0}.Debug|Any CPU.ActiveCfg = Debug|x86
		{FEFAF6F5-219E-43C5-B206-982AEF628AE0}.Debug|Arduino.ActiveCfg = Debug|x86
		{FEFAF6F5-219E-43C5-B206-982AEF628AE0}.Debug|ARM.ActiveCfg = Debug|ARM
		{FEFAF6F5-219E-43C5-B206-982AEF628AE0}.Debug|ARM.Build.0 = Debug|ARM
		{FEFAF6F5-219E-43C5-B206-982AEF628AE0}.Debug|x64.ActiveCfg = Debug|x64
		{FEFAF6F5-219E-43C5-B206-982AEF628AE0}.Debug|x64.Build.0 = Debug|x64
		{FEFAF6F5-219E-43C5-B206-982AEF628AE0}.Debug|x64.Deploy.0 = Debug|x64
		{FEFAF6F5-219E-43C5-B206-982AEF628AE0}.Debug|x86.ActiveCfg = Debug|x86
		{FEFAF6F5-219E-43C5-B206-982AEF628AE0}.Debug|x86.Build.0 = Debug|x86
		{FEFAF6F5-219E-43C5-B206-982AEF628AE0}.Debug|x86.Deploy.0 = Debug|x86
		{FEFAF6F5-219E-43C5-B206-982AEF628AE0}.Release|Any CPU.ActiveCfg = Release|x86
		{FEFAF6F5-219E-43C5-B206-982AEF628AE0}.Release|Arduino.ActiveCfg = Release|x86
		{FEFAF6F5-219E-43C5-B206-982AEF628AE0}.Release|ARM.ActiveCfg = Release|ARM
		{FEFAF6F5-219E-43C5-B206-982AEF628AE0}.Release|ARM.Build.0 = Release|ARM
		{FEFAF6F5-219E-43C5-B206-982AEF628AE0}.Release|ARM.Deploy.0 = Release|ARM
		{FEFAF6F5-219E-43C5-B206-982AEF628AE0}.Release|x64.ActiveCfg = Release|x64
		{FEFAF6F5-219E-43C5-B206-982AEF628AE0}.Release|x64.Build.0 = Release|x64
		{FEFAF6F5-219E-43C5-B206-982AEF628AE0}.Release|x64.Deploy.0 = Release|x64
		{FEFAF6F5-219E-43C5-B206-982AEF628AE0}.Release|x86.ActiveCfg = Release|x86
		{FEFAF6F5-219E-43C5-B206-982AEF628AE0}.Release|x86.Build.0 = Release|x86
		{FEFAF6F5-219E-43C5-B206-982AEF628AE0}.Release|x86.Deploy.0 = Release|x86
		{7B97DAA9-500E-45C6-9CB4-C60F103AB20B}.Debug|Any CPU.ActiveCfg = Debug|Any CPU
		{7B97DAA9-500E-45C6-9CB4-C60F103AB20B}.Debug|Any CPU.Build.0 = Debug|Any CPU
		{7B97DAA9-500E-45C6-9CB4-C60F103AB20B}.Debug|Arduino.ActiveCfg = Debug|Any CPU
		{7B97DAA9-500E-45C6-9CB4-C60F103AB20B}.Debug|Arduino.Build.0 = Debug|Any CPU
		{7B97DAA9-500E-45C6-9CB4-C60F103AB20B}.Debug|ARM.ActiveCfg = Debug|ARM
		{7B97DAA9-500E-45C6-9CB4-C60F103AB20B}.Debug|ARM.Build.0 = Debug|ARM
		{7B97DAA9-500E-45C6-9CB4-C60F103AB20B}.Debug|x64.ActiveCfg = Debug|x64
		{7B97DAA9-500E-45C6-9CB4-C60F103AB20B}.Debug|x64.Build.0 = Debug|x64
		{7B97DAA9-500E-45C6-9CB4-C60F103AB20B}.Debug|x86.ActiveCfg = Debug|x86
		{7B97DAA9-500E-45C6-9CB4-C60F103AB20B}.Debug|x86.Build.0 = Debug|x86
		{7B97DAA9-500E-45C6-9CB4-C60F103AB20B}.Release|Any CPU.ActiveCfg = Release|Any CPU
		{7B97DAA9-500E-45C6-9CB4-C60F103AB20B}.Release|Any CPU.Build.0 = Release|Any CPU
		{7B97DAA9-500E-45C6-9CB4-C60F103AB20B}.Release|Arduino.ActiveCfg = Release|Any CPU
		{7B97DAA9-500E-45C6-9CB4-C60F103AB20B}.Release|Arduino.Build.0 = Release|Any CPU
		{7B97DAA9-500E-45C6-9CB4-C60F103AB20B}.Release|ARM.ActiveCfg = Release|ARM
		{7B97DAA9-500E-45C6-9CB4-C60F103AB20B}.Release|ARM.Build.0 = Release|ARM
		{7B97DAA9-500E-45C6-9CB4-C60F103AB20B}.Release|x64.ActiveCfg = Release|x64
		{7B97DAA9-500E-45C6-9CB4-C60F103AB20B}.Release|x64.Build.0 = Release|x64
		{7B97DAA9-500E-45C6-9CB4-C60F103AB20B}.Release|x86.ActiveCfg = Release|x86
		{7B97DAA9-500E-45C6-9CB4-C60F103AB20B}.Release|x86.Build.0 = Release|x86
		{AD5FA32D-41C6-4949-A33C-067B033842C4}.Debug|Any CPU.ActiveCfg = Debug|Any CPU
		{AD5FA32D-41C6-4949-A33C-067B033842C4}.Debug|Any CPU.Build.0 = Debug|Any CPU
		{AD5FA32D-41C6-4949-A33C-067B033842C4}.Debug|Arduino.ActiveCfg = Debug|Any CPU
		{AD5FA32D-41C6-4949-A33C-067B033842C4}.Debug|Arduino.Build.0 = Debug|Any CPU
		{AD5FA32D-41C6-4949-A33C-067B033842C4}.Debug|ARM.ActiveCfg = Debug|ARM
		{AD5FA32D-41C6-4949-A33C-067B033842C4}.Debug|ARM.Build.0 = Debug|ARM
		{AD5FA32D-41C6-4949-A33C-067B033842C4}.Debug|x64.ActiveCfg = Debug|x64
		{AD5FA32D-41C6-4949-A33C-067B033842C4}.Debug|x64.Build.0 = Debug|x64
		{AD5FA32D-41C6-4949-A33C-067B033842C4}.Debug|x86.ActiveCfg = Debug|x86
		{AD5FA32D-41C6-4949-A33C-067B033842C4}.Debug|x86.Build.0 = Debug|x86
		{AD5FA32D-41C6-4949-A33C-067B033842C4}.Release|Any CPU.ActiveCfg = Release|Any CPU
		{AD5FA32D-41C6-4949-A33C-067B033842C4}.Release|Any CPU.Build.0 = Release|Any CPU
		{AD5FA32D-41C6-4949-A33C-067B033842C4}.Release|Arduino.ActiveCfg = Release|Any CPU
		{AD5FA32D-41C6-4949-A33C-067B033842C4}.Release|Arduino.Build.0 = Release|Any CPU
		{AD5FA32D-41C6-4949-A33C-067B033842C4}.Release|ARM.ActiveCfg = Release|ARM
		{AD5FA32D-41C6-4949-A33C-067B033842C4}.Release|ARM.Build.0 = Release|ARM
		{AD5FA32D-41C6-4949-A33C-067B033842C4}.Release|x64.ActiveCfg = Release|x64
		{AD5FA32D-41C6-4949-A33C-067B033842C4}.Release|x64.Build.0 = Release|x64
		{AD5FA32D-41C6-4949-A33C-067B033842C4}.Release|x86.ActiveCfg = Release|x86
		{AD5FA32D-41C6-4949-A33C-067B033842C4}.Release|x86.Build.0 = Release|x86
		{E820D3F8-5018-41A5-834F-B2B31EC792A5}.Debug|Any CPU.ActiveCfg = Debug|Any CPU
		{E820D3F8-5018-41A5-834F-B2B31EC792A5}.Debug|Any CPU.Build.0 = Debug|Any CPU
		{E820D3F8-5018-41A5-834F-B2B31EC792A5}.Debug|Arduino.ActiveCfg = Debug|Any CPU
		{E820D3F8-5018-41A5-834F-B2B31EC792A5}.Debug|Arduino.Build.0 = Debug|Any CPU
		{E820D3F8-5018-41A5-834F-B2B31EC792A5}.Debug|ARM.ActiveCfg = Debug|ARM
		{E820D3F8-5018-41A5-834F-B2B31EC792A5}.Debug|ARM.Build.0 = Debug|ARM
		{E820D3F8-5018-41A5-834F-B2B31EC792A5}.Debug|x64.ActiveCfg = Debug|x64
		{E820D3F8-5018-41A5-834F-B2B31EC792A5}.Debug|x64.Build.0 = Debug|x64
		{E820D3F8-5018-41A5-834F-B2B31EC792A5}.Debug|x86.ActiveCfg = Debug|x86
		{E820D3F8-5018-41A5-834F-B2B31EC792A5}.Debug|x86.Build.0 = Debug|x86
		{E820D3F8-5018-41A5-834F-B2B31EC792A5}.Release|Any CPU.ActiveCfg = Release|Any CPU
		{E820D3F8-5018-41A5-834F-B2B31EC792A5}.Release|Any CPU.Build.0 = Release|Any CPU
		{E820D3F8-5018-41A5-834F-B2B31EC792A5}.Release|Arduino.ActiveCfg = Release|Any CPU
		{E820D3F8-5018-41A5-834F-B2B31EC792A5}.Release|Arduino.Build.0 = Release|Any CPU
		{E820D3F8-5018-41A5-834F-B2B31EC792A5}.Release|ARM.ActiveCfg = Release|ARM
		{E820D3F8-5018-41A5-834F-B2B31EC792A5}.Release|ARM.Build.0 = Release|ARM
		{E820D3F8-5018-41A5-834F-B2B31EC792A5}.Release|x64.ActiveCfg = Release|x64
		{E820D3F8-5018-41A5-834F-B2B31EC792A5}.Release|x64.Build.0 = Release|x64
		{E820D3F8-5018-41A5-834F-B2B31EC792A5}.Release|x86.ActiveCfg = Release|x86
		{E820D3F8-5018-41A5-834F-B2B31EC792A5}.Release|x86.Build.0 = Release|x86
		{602DDCAB-72BE-4AF4-A3B1-B7AD629D21FC}.Debug|Any CPU.ActiveCfg = Debug|Any CPU
		{602DDCAB-72BE-4AF4-A3B1-B7AD629D21FC}.Debug|Any CPU.Build.0 = Debug|Any CPU
		{602DDCAB-72BE-4AF4-A3B1-B7AD629D21FC}.Debug|Arduino.ActiveCfg = Debug|Any CPU
		{602DDCAB-72BE-4AF4-A3B1-B7AD629D21FC}.Debug|Arduino.Build.0 = Debug|Any CPU
		{602DDCAB-72BE-4AF4-A3B1-B7AD629D21FC}.Debug|ARM.ActiveCfg = Debug|Any CPU
		{602DDCAB-72BE-4AF4-A3B1-B7AD629D21FC}.Debug|ARM.Build.0 = Debug|Any CPU
		{602DDCAB-72BE-4AF4-A3B1-B7AD629D21FC}.Debug|x64.ActiveCfg = Debug|Any CPU
		{602DDCAB-72BE-4AF4-A3B1-B7AD629D21FC}.Debug|x64.Build.0 = Debug|Any CPU
		{602DDCAB-72BE-4AF4-A3B1-B7AD629D21FC}.Debug|x86.ActiveCfg = Debug|Any CPU
		{602DDCAB-72BE-4AF4-A3B1-B7AD629D21FC}.Debug|x86.Build.0 = Debug|Any CPU
		{602DDCAB-72BE-4AF4-A3B1-B7AD629D21FC}.Release|Any CPU.ActiveCfg = Release|Any CPU
		{602DDCAB-72BE-4AF4-A3B1-B7AD629D21FC}.Release|Any CPU.Build.0 = Release|Any CPU
		{602DDCAB-72BE-4AF4-A3B1-B7AD629D21FC}.Release|Arduino.ActiveCfg = Release|Any CPU
		{602DDCAB-72BE-4AF4-A3B1-B7AD629D21FC}.Release|Arduino.Build.0 = Release|Any CPU
		{602DDCAB-72BE-4AF4-A3B1-B7AD629D21FC}.Release|ARM.ActiveCfg = Release|Any CPU
		{602DDCAB-72BE-4AF4-A3B1-B7AD629D21FC}.Release|ARM.Build.0 = Release|Any CPU
		{602DDCAB-72BE-4AF4-A3B1-B7AD629D21FC}.Release|x64.ActiveCfg = Release|Any CPU
		{602DDCAB-72BE-4AF4-A3B1-B7AD629D21FC}.Release|x64.Build.0 = Release|Any CPU
		{602DDCAB-72BE-4AF4-A3B1-B7AD629D21FC}.Release|x86.ActiveCfg = Release|Any CPU
		{602DDCAB-72BE-4AF4-A3B1-B7AD629D21FC}.Release|x86.Build.0 = Release|Any CPU
		{1FB679DE-01C1-45CC-A52A-1B1FB8401995}.Debug|Any CPU.ActiveCfg = Debug|Any CPU
		{1FB679DE-01C1-45CC-A52A-1B1FB8401995}.Debug|Any CPU.Build.0 = Debug|Any CPU
		{1FB679DE-01C1-45CC-A52A-1B1FB8401995}.Debug|Arduino.ActiveCfg = Debug|Any CPU
		{1FB679DE-01C1-45CC-A52A-1B1FB8401995}.Debug|Arduino.Build.0 = Debug|Any CPU
		{1FB679DE-01C1-45CC-A52A-1B1FB8401995}.Debug|ARM.ActiveCfg = Debug|Any CPU
		{1FB679DE-01C1-45CC-A52A-1B1FB8401995}.Debug|ARM.Build.0 = Debug|Any CPU
		{1FB679DE-01C1-45CC-A52A-1B1FB8401995}.Debug|x64.ActiveCfg = Debug|Any CPU
		{1FB679DE-01C1-45CC-A52A-1B1FB8401995}.Debug|x64.Build.0 = Debug|Any CPU
		{1FB679DE-01C1-45CC-A52A-1B1FB8401995}.Debug|x86.ActiveCfg = Debug|Any CPU
		{1FB679DE-01C1-45CC-A52A-1B1FB8401995}.Debug|x86.Build.0 = Debug|Any CPU
		{1FB679DE-01C1-45CC-A52A-1B1FB8401995}.Release|Any CPU.ActiveCfg = Release|Any CPU
		{1FB679DE-01C1-45CC-A52A-1B1FB8401995}.Release|Any CPU.Build.0 = Release|Any CPU
		{1FB679DE-01C1-45CC-A52A-1B1FB8401995}.Release|Arduino.ActiveCfg = Release|Any CPU
		{1FB679DE-01C1-45CC-A52A-1B1FB8401995}.Release|Arduino.Build.0 = Release|Any CPU
		{1FB679DE-01C1-45CC-A52A-1B1FB8401995}.Release|ARM.ActiveCfg = Release|Any CPU
		{1FB679DE-01C1-45CC-A52A-1B1FB8401995}.Release|ARM.Build.0 = Release|Any CPU
		{1FB679DE-01C1-45CC-A52A-1B1FB8401995}.Release|x64.ActiveCfg = Release|Any CPU
		{1FB679DE-01C1-45CC-A52A-1B1FB8401995}.Release|x64.Build.0 = Release|Any CPU
		{1FB679DE-01C1-45CC-A52A-1B1FB8401995}.Release|x86.ActiveCfg = Release|Any CPU
		{1FB679DE-01C1-45CC-A52A-1B1FB8401995}.Release|x86.Build.0 = Release|Any CPU
		{DA010EC6-E51A-47C5-95DF-885A1903087E}.Debug|Any CPU.ActiveCfg = Debug|Any CPU
		{DA010EC6-E51A-47C5-95DF-885A1903087E}.Debug|Any CPU.Build.0 = Debug|Any CPU
		{DA010EC6-E51A-47C5-95DF-885A1903087E}.Debug|Arduino.ActiveCfg = Debug|Any CPU
		{DA010EC6-E51A-47C5-95DF-885A1903087E}.Debug|Arduino.Build.0 = Debug|Any CPU
		{DA010EC6-E51A-47C5-95DF-885A1903087E}.Debug|ARM.ActiveCfg = Debug|ARM
		{DA010EC6-E51A-47C5-95DF-885A1903087E}.Debug|ARM.Build.0 = Debug|ARM
		{DA010EC6-E51A-47C5-95DF-885A1903087E}.Debug|x64.ActiveCfg = Debug|Any CPU
		{DA010EC6-E51A-47C5-95DF-885A1903087E}.Debug|x64.Build.0 = Debug|Any CPU
		{DA010EC6-E51A-47C5-95DF-885A1903087E}.Debug|x86.ActiveCfg = Debug|Any CPU
		{DA010EC6-E51A-47C5-95DF-885A1903087E}.Debug|x86.Build.0 = Debug|Any CPU
		{DA010EC6-E51A-47C5-95DF-885A1903087E}.Release|Any CPU.ActiveCfg = Release|Any CPU
		{DA010EC6-E51A-47C5-95DF-885A1903087E}.Release|Any CPU.Build.0 = Release|Any CPU
		{DA010EC6-E51A-47C5-95DF-885A1903087E}.Release|Arduino.ActiveCfg = Release|Any CPU
		{DA010EC6-E51A-47C5-95DF-885A1903087E}.Release|Arduino.Build.0 = Release|Any CPU
		{DA010EC6-E51A-47C5-95DF-885A1903087E}.Release|ARM.ActiveCfg = Release|ARM
		{DA010EC6-E51A-47C5-95DF-885A1903087E}.Release|ARM.Build.0 = Release|ARM
		{DA010EC6-E51A-47C5-95DF-885A1903087E}.Release|x64.ActiveCfg = Release|Any CPU
		{DA010EC6-E51A-47C5-95DF-885A1903087E}.Release|x64.Build.0 = Release|Any CPU
		{DA010EC6-E51A-47C5-95DF-885A1903087E}.Release|x86.ActiveCfg = Release|Any CPU
		{DA010EC6-E51A-47C5-95DF-885A1903087E}.Release|x86.Build.0 = Release|Any CPU
	EndGlobalSection
	GlobalSection(SolutionProperties) = preSolution
		HideSolutionNode = FALSE
	EndGlobalSection
	GlobalSection(NestedProjects) = preSolution
		{E9D164EA-F02C-4AA7-8BD7-AC55DFDE1677} = {DD25D51D-7279-44A2-91BC-C3AE9832B17D}
		{FEFAF6F5-219E-43C5-B206-982AEF628AE0} = {DD25D51D-7279-44A2-91BC-C3AE9832B17D}
		{602DDCAB-72BE-4AF4-A3B1-B7AD629D21FC} = {52C2E92A-BB16-479A-951B-2D140A22C98B}
		{1FB679DE-01C1-45CC-A52A-1B1FB8401995} = {52C2E92A-BB16-479A-951B-2D140A22C98B}
		{DA010EC6-E51A-47C5-95DF-885A1903087E} = {52C2E92A-BB16-479A-951B-2D140A22C98B}
	EndGlobalSection
EndGlobal
